// !$*UTF8*$!
{
	archiveVersion = 1;
	classes = {
	};
	objectVersion = 51;
	objects = {

/* Begin PBXBuildFile section */
		47400CBFB32141599B4D3012 /* Pods_NPFoodStallReview.framework in Frameworks */ = {isa = PBXBuildFile; fileRef = 0BE087D8D82E03874AD1E925 /* Pods_NPFoodStallReview.framework */; };
		B8D4E9FA23D9E4B3005C839F /* CanteensViewController.swift in Sources */ = {isa = PBXBuildFile; fileRef = B8D4E9E723D9E4B3005C839F /* CanteensViewController.swift */; };
		B8D4E9FB23D9E4B3005C839F /* SearchViewController.swift in Sources */ = {isa = PBXBuildFile; fileRef = B8D4E9E823D9E4B3005C839F /* SearchViewController.swift */; };
		B8D4E9FC23D9E4B3005C839F /* StallController.swift in Sources */ = {isa = PBXBuildFile; fileRef = B8D4E9E923D9E4B3005C839F /* StallController.swift */; };
		B8D4E9FD23D9E4B3005C839F /* TopStallsViewController.swift in Sources */ = {isa = PBXBuildFile; fileRef = B8D4E9EA23D9E4B3005C839F /* TopStallsViewController.swift */; };
		B8D4E9FE23D9E4B3005C839F /* Assets.xcassets in Resources */ = {isa = PBXBuildFile; fileRef = B8D4E9EB23D9E4B3005C839F /* Assets.xcassets */; };
		B8D4E9FF23D9E4B3005C839F /* Canteen.swift in Sources */ = {isa = PBXBuildFile; fileRef = B8D4E9EC23D9E4B3005C839F /* Canteen.swift */; };
		B8D4EA0023D9E4B3005C839F /* Stall.swift in Sources */ = {isa = PBXBuildFile; fileRef = B8D4E9ED23D9E4B3005C839F /* Stall.swift */; };
		B8D4EA0123D9E4B3005C839F /* CanteenController.swift in Sources */ = {isa = PBXBuildFile; fileRef = B8D4E9EE23D9E4B3005C839F /* CanteenController.swift */; };
		B8D4EA0223D9E4B3005C839F /* Base.lproj in Resources */ = {isa = PBXBuildFile; fileRef = B8D4E9EF23D9E4B3005C839F /* Base.lproj */; };
		B8D4EA0323D9E4B3005C839F /* Feedback.swift in Sources */ = {isa = PBXBuildFile; fileRef = B8D4E9F023D9E4B3005C839F /* Feedback.swift */; };
		B8D4EA0423D9E4B3005C839F /* FeedbackController.swift in Sources */ = {isa = PBXBuildFile; fileRef = B8D4E9F123D9E4B3005C839F /* FeedbackController.swift */; };
		B8D4EA0523D9E4B3005C839F /* GoogleService-Info.plist in Resources */ = {isa = PBXBuildFile; fileRef = B8D4E9F223D9E4B3005C839F /* GoogleService-Info.plist */; };
		B8D4EA0623D9E4B3005C839F /* credentials.plist in Resources */ = {isa = PBXBuildFile; fileRef = B8D4E9F323D9E4B3005C839F /* credentials.plist */; };
		B8D4EA0723D9E4B3005C839F /* ViewController.swift in Sources */ = {isa = PBXBuildFile; fileRef = B8D4E9F423D9E4B3005C839F /* ViewController.swift */; };
		B8D4EA0823D9E4B3005C839F /* Info.plist in Resources */ = {isa = PBXBuildFile; fileRef = B8D4E9F523D9E4B3005C839F /* Info.plist */; };
		B8D4EA0923D9E4B3005C839F /* ItemController.swift in Sources */ = {isa = PBXBuildFile; fileRef = B8D4E9F623D9E4B3005C839F /* ItemController.swift */; };
		B8D4EA0A23D9E4B3005C839F /* SceneDelegate.swift in Sources */ = {isa = PBXBuildFile; fileRef = B8D4E9F723D9E4B3005C839F /* SceneDelegate.swift */; };
		B8D4EA0B23D9E4B3005C839F /* AppDelegate.swift in Sources */ = {isa = PBXBuildFile; fileRef = B8D4E9F823D9E4B3005C839F /* AppDelegate.swift */; };
		B8D4EA0C23D9E4B3005C839F /* Item.swift in Sources */ = {isa = PBXBuildFile; fileRef = B8D4E9F923D9E4B3005C839F /* Item.swift */; };
/* End PBXBuildFile section */

/* Begin PBXFileReference section */
		0BE087D8D82E03874AD1E925 /* Pods_NPFoodStallReview.framework */ = {isa = PBXFileReference; explicitFileType = wrapper.framework; includeInIndex = 0; path = Pods_NPFoodStallReview.framework; sourceTree = BUILT_PRODUCTS_DIR; };
		2B638F86ABDB14A7E9E8879C /* Pods-NPFoodStallReview.debug.xcconfig */ = {isa = PBXFileReference; includeInIndex = 1; lastKnownFileType = text.xcconfig; name = "Pods-NPFoodStallReview.debug.xcconfig"; path = "Target Support Files/Pods-NPFoodStallReview/Pods-NPFoodStallReview.debug.xcconfig"; sourceTree = "<group>"; };
		4413FC884CA687C4F1761171 /* Pods-NPFoodStallReview.release.xcconfig */ = {isa = PBXFileReference; includeInIndex = 1; lastKnownFileType = text.xcconfig; name = "Pods-NPFoodStallReview.release.xcconfig"; path = "Target Support Files/Pods-NPFoodStallReview/Pods-NPFoodStallReview.release.xcconfig"; sourceTree = "<group>"; };
		B8D4E9E723D9E4B3005C839F /* CanteensViewController.swift */ = {isa = PBXFileReference; fileEncoding = 4; lastKnownFileType = sourcecode.swift; path = CanteensViewController.swift; sourceTree = "<group>"; };
		B8D4E9E823D9E4B3005C839F /* SearchViewController.swift */ = {isa = PBXFileReference; fileEncoding = 4; lastKnownFileType = sourcecode.swift; path = SearchViewController.swift; sourceTree = "<group>"; };
		B8D4E9E923D9E4B3005C839F /* StallController.swift */ = {isa = PBXFileReference; fileEncoding = 4; lastKnownFileType = sourcecode.swift; path = StallController.swift; sourceTree = "<group>"; };
		B8D4E9EA23D9E4B3005C839F /* TopStallsViewController.swift */ = {isa = PBXFileReference; fileEncoding = 4; lastKnownFileType = sourcecode.swift; path = TopStallsViewController.swift; sourceTree = "<group>"; };
		B8D4E9EB23D9E4B3005C839F /* Assets.xcassets */ = {isa = PBXFileReference; lastKnownFileType = folder.assetcatalog; path = Assets.xcassets; sourceTree = "<group>"; };
		B8D4E9EC23D9E4B3005C839F /* Canteen.swift */ = {isa = PBXFileReference; fileEncoding = 4; lastKnownFileType = sourcecode.swift; path = Canteen.swift; sourceTree = "<group>"; };
		B8D4E9ED23D9E4B3005C839F /* Stall.swift */ = {isa = PBXFileReference; fileEncoding = 4; lastKnownFileType = sourcecode.swift; path = Stall.swift; sourceTree = "<group>"; };
		B8D4E9EE23D9E4B3005C839F /* CanteenController.swift */ = {isa = PBXFileReference; fileEncoding = 4; lastKnownFileType = sourcecode.swift; path = CanteenController.swift; sourceTree = "<group>"; };
		B8D4E9EF23D9E4B3005C839F /* Base.lproj */ = {isa = PBXFileReference; lastKnownFileType = folder; path = Base.lproj; sourceTree = "<group>"; };
		B8D4E9F023D9E4B3005C839F /* Feedback.swift */ = {isa = PBXFileReference; fileEncoding = 4; lastKnownFileType = sourcecode.swift; path = Feedback.swift; sourceTree = "<group>"; };
		B8D4E9F123D9E4B3005C839F /* FeedbackController.swift */ = {isa = PBXFileReference; fileEncoding = 4; lastKnownFileType = sourcecode.swift; path = FeedbackController.swift; sourceTree = "<group>"; };
		B8D4E9F223D9E4B3005C839F /* GoogleService-Info.plist */ = {isa = PBXFileReference; fileEncoding = 4; lastKnownFileType = text.plist.xml; path = "GoogleService-Info.plist"; sourceTree = "<group>"; };
		B8D4E9F323D9E4B3005C839F /* credentials.plist */ = {isa = PBXFileReference; fileEncoding = 4; lastKnownFileType = text.plist.xml; path = credentials.plist; sourceTree = "<group>"; };
		B8D4E9F423D9E4B3005C839F /* ViewController.swift */ = {isa = PBXFileReference; fileEncoding = 4; lastKnownFileType = sourcecode.swift; path = ViewController.swift; sourceTree = "<group>"; };
		B8D4E9F523D9E4B3005C839F /* Info.plist */ = {isa = PBXFileReference; fileEncoding = 4; lastKnownFileType = text.plist.xml; path = Info.plist; sourceTree = "<group>"; };
		B8D4E9F623D9E4B3005C839F /* ItemController.swift */ = {isa = PBXFileReference; fileEncoding = 4; lastKnownFileType = sourcecode.swift; path = ItemController.swift; sourceTree = "<group>"; };
		B8D4E9F723D9E4B3005C839F /* SceneDelegate.swift */ = {isa = PBXFileReference; fileEncoding = 4; lastKnownFileType = sourcecode.swift; path = SceneDelegate.swift; sourceTree = "<group>"; };
		B8D4E9F823D9E4B3005C839F /* AppDelegate.swift */ = {isa = PBXFileReference; fileEncoding = 4; lastKnownFileType = sourcecode.swift; path = AppDelegate.swift; sourceTree = "<group>"; };
		B8D4E9F923D9E4B3005C839F /* Item.swift */ = {isa = PBXFileReference; fileEncoding = 4; lastKnownFileType = sourcecode.swift; path = Item.swift; sourceTree = "<group>"; };
		F3DEBE1823D43449005227BF /* NPFoodStallReview.app */ = {isa = PBXFileReference; explicitFileType = wrapper.application; includeInIndex = 0; path = NPFoodStallReview.app; sourceTree = BUILT_PRODUCTS_DIR; };
/* End PBXFileReference section */

/* Begin PBXFrameworksBuildPhase section */
		F3DEBE1523D43449005227BF /* Frameworks */ = {
			isa = PBXFrameworksBuildPhase;
			buildActionMask = 2147483647;
			files = (
				47400CBFB32141599B4D3012 /* Pods_NPFoodStallReview.framework in Frameworks */,
			);
			runOnlyForDeploymentPostprocessing = 0;
		};
/* End PBXFrameworksBuildPhase section */

/* Begin PBXGroup section */
		1C011487DF1C50539F52DFAD /* Pods */ = {
			isa = PBXGroup;
			children = (
				2B638F86ABDB14A7E9E8879C /* Pods-NPFoodStallReview.debug.xcconfig */,
				4413FC884CA687C4F1761171 /* Pods-NPFoodStallReview.release.xcconfig */,
			);
			path = Pods;
			sourceTree = "<group>";
		};
		2C80C8CF6B9BB80FDCF9E166 /* Frameworks */ = {
			isa = PBXGroup;
			children = (
				0BE087D8D82E03874AD1E925 /* Pods_NPFoodStallReview.framework */,
			);
			name = Frameworks;
			sourceTree = "<group>";
		};
		F3DEBE0F23D43449005227BF = {
			isa = PBXGroup;
			children = (
				F3DEBE1A23D43449005227BF /* NPFoodStallReview */,
				F3DEBE1923D43449005227BF /* Products */,
				1C011487DF1C50539F52DFAD /* Pods */,
				2C80C8CF6B9BB80FDCF9E166 /* Frameworks */,
			);
			sourceTree = "<group>";
		};
		F3DEBE1923D43449005227BF /* Products */ = {
			isa = PBXGroup;
			children = (
				F3DEBE1823D43449005227BF /* NPFoodStallReview.app */,
			);
			name = Products;
			sourceTree = "<group>";
		};
		F3DEBE1A23D43449005227BF /* NPFoodStallReview */ = {
			isa = PBXGroup;
			children = (
				B8D4E9F823D9E4B3005C839F /* AppDelegate.swift */,
				B8D4E9EB23D9E4B3005C839F /* Assets.xcassets */,
				B8D4E9EF23D9E4B3005C839F /* Base.lproj */,
				B8D4E9EC23D9E4B3005C839F /* Canteen.swift */,
				B8D4E9EE23D9E4B3005C839F /* CanteenController.swift */,
				B8D4E9E723D9E4B3005C839F /* CanteensViewController.swift */,
				B8D4E9F323D9E4B3005C839F /* credentials.plist */,
				B8D4E9F023D9E4B3005C839F /* Feedback.swift */,
				B8D4E9F123D9E4B3005C839F /* FeedbackController.swift */,
				B8D4E9F223D9E4B3005C839F /* GoogleService-Info.plist */,
				B8D4E9F523D9E4B3005C839F /* Info.plist */,
				B8D4E9F923D9E4B3005C839F /* Item.swift */,
				B8D4E9F623D9E4B3005C839F /* ItemController.swift */,
				B8D4E9F723D9E4B3005C839F /* SceneDelegate.swift */,
				B8D4E9E823D9E4B3005C839F /* SearchViewController.swift */,
				B8D4E9ED23D9E4B3005C839F /* Stall.swift */,
				B8D4E9E923D9E4B3005C839F /* StallController.swift */,
				B8D4E9EA23D9E4B3005C839F /* TopStallsViewController.swift */,
				B8D4E9F423D9E4B3005C839F /* ViewController.swift */,
			);
			path = NPFoodStallReview;
			sourceTree = "<group>";
		};
/* End PBXGroup section */

/* Begin PBXNativeTarget section */
		F3DEBE1723D43449005227BF /* NPFoodStallReview */ = {
			isa = PBXNativeTarget;
			buildConfigurationList = F3DEBE2C23D4344B005227BF /* Build configuration list for PBXNativeTarget "NPFoodStallReview" */;
			buildPhases = (
				998DE45E686ED48321F581BE /* [CP] Check Pods Manifest.lock */,
				F3DEBE1423D43449005227BF /* Sources */,
				F3DEBE1523D43449005227BF /* Frameworks */,
				F3DEBE1623D43449005227BF /* Resources */,
				24AA5FB2B90976B804B2F594 /* [CP] Embed Pods Frameworks */,
				3DA52820A7A494F21159E808 /* [CP] Copy Pods Resources */,
			);
			buildRules = (
			);
			dependencies = (
			);
			name = NPFoodStallReview;
			productName = NPFoodStallReview;
			productReference = F3DEBE1823D43449005227BF /* NPFoodStallReview.app */;
			productType = "com.apple.product-type.application";
		};
/* End PBXNativeTarget section */

/* Begin PBXProject section */
		F3DEBE1023D43449005227BF /* Project object */ = {
			isa = PBXProject;
			attributes = {
				LastSwiftUpdateCheck = 1120;
				LastUpgradeCheck = 1120;
				ORGANIZATIONNAME = "Jm San Diego";
				TargetAttributes = {
					F3DEBE1723D43449005227BF = {
						CreatedOnToolsVersion = 11.2.1;
						LastSwiftMigration = 1110;
					};
				};
			};
			buildConfigurationList = F3DEBE1323D43449005227BF /* Build configuration list for PBXProject "NPFoodStallReview" */;
			compatibilityVersion = "Xcode 9.3";
			developmentRegion = en;
			hasScannedForEncodings = 0;
			knownRegions = (
				en,
				Base,
			);
			mainGroup = F3DEBE0F23D43449005227BF;
			productRefGroup = F3DEBE1923D43449005227BF /* Products */;
			projectDirPath = "";
			projectRoot = "";
			targets = (
				F3DEBE1723D43449005227BF /* NPFoodStallReview */,
			);
		};
/* End PBXProject section */

/* Begin PBXResourcesBuildPhase section */
		F3DEBE1623D43449005227BF /* Resources */ = {
			isa = PBXResourcesBuildPhase;
			buildActionMask = 2147483647;
			files = (
				B8D4EA0223D9E4B3005C839F /* Base.lproj in Resources */,
				B8D4EA0623D9E4B3005C839F /* credentials.plist in Resources */,
				B8D4E9FE23D9E4B3005C839F /* Assets.xcassets in Resources */,
				B8D4EA0823D9E4B3005C839F /* Info.plist in Resources */,
				B8D4EA0523D9E4B3005C839F /* GoogleService-Info.plist in Resources */,
			);
			runOnlyForDeploymentPostprocessing = 0;
		};
/* End PBXResourcesBuildPhase section */

/* Begin PBXShellScriptBuildPhase section */
		24AA5FB2B90976B804B2F594 /* [CP] Embed Pods Frameworks */ = {
			isa = PBXShellScriptBuildPhase;
			buildActionMask = 2147483647;
			files = (
			);
			inputFileListPaths = (
				"${PODS_ROOT}/Target Support Files/Pods-NPFoodStallReview/Pods-NPFoodStallReview-frameworks-${CONFIGURATION}-input-files.xcfilelist",
			);
			name = "[CP] Embed Pods Frameworks";
			outputFileListPaths = (
				"${PODS_ROOT}/Target Support Files/Pods-NPFoodStallReview/Pods-NPFoodStallReview-frameworks-${CONFIGURATION}-output-files.xcfilelist",
			);
			runOnlyForDeploymentPostprocessing = 0;
			shellPath = /bin/sh;
			shellScript = "\"${PODS_ROOT}/Target Support Files/Pods-NPFoodStallReview/Pods-NPFoodStallReview-frameworks.sh\"\n";
			showEnvVarsInLog = 0;
		};
		3DA52820A7A494F21159E808 /* [CP] Copy Pods Resources */ = {
			isa = PBXShellScriptBuildPhase;
			buildActionMask = 2147483647;
			files = (
			);
			inputFileListPaths = (
				"${PODS_ROOT}/Target Support Files/Pods-NPFoodStallReview/Pods-NPFoodStallReview-resources-${CONFIGURATION}-input-files.xcfilelist",
			);
			name = "[CP] Copy Pods Resources";
			outputFileListPaths = (
				"${PODS_ROOT}/Target Support Files/Pods-NPFoodStallReview/Pods-NPFoodStallReview-resources-${CONFIGURATION}-output-files.xcfilelist",
			);
			runOnlyForDeploymentPostprocessing = 0;
			shellPath = /bin/sh;
			shellScript = "\"${PODS_ROOT}/Target Support Files/Pods-NPFoodStallReview/Pods-NPFoodStallReview-resources.sh\"\n";
			showEnvVarsInLog = 0;
		};
		998DE45E686ED48321F581BE /* [CP] Check Pods Manifest.lock */ = {
			isa = PBXShellScriptBuildPhase;
			buildActionMask = 2147483647;
			files = (
			);
			inputFileListPaths = (
			);
			inputPaths = (
				"${PODS_PODFILE_DIR_PATH}/Podfile.lock",
				"${PODS_ROOT}/Manifest.lock",
			);
			name = "[CP] Check Pods Manifest.lock";
			outputFileListPaths = (
			);
			outputPaths = (
				"$(DERIVED_FILE_DIR)/Pods-NPFoodStallReview-checkManifestLockResult.txt",
			);
			runOnlyForDeploymentPostprocessing = 0;
			shellPath = /bin/sh;
			shellScript = "diff \"${PODS_PODFILE_DIR_PATH}/Podfile.lock\" \"${PODS_ROOT}/Manifest.lock\" > /dev/null\nif [ $? != 0 ] ; then\n    # print error to STDERR\n    echo \"error: The sandbox is not in sync with the Podfile.lock. Run 'pod install' or update your CocoaPods installation.\" >&2\n    exit 1\nfi\n# This output is used by Xcode 'outputs' to avoid re-running this script phase.\necho \"SUCCESS\" > \"${SCRIPT_OUTPUT_FILE_0}\"\n";
			showEnvVarsInLog = 0;
		};
/* End PBXShellScriptBuildPhase section */

/* Begin PBXSourcesBuildPhase section */
		F3DEBE1423D43449005227BF /* Sources */ = {
			isa = PBXSourcesBuildPhase;
			buildActionMask = 2147483647;
			files = (
				B8D4EA0723D9E4B3005C839F /* ViewController.swift in Sources */,
				B8D4E9FC23D9E4B3005C839F /* StallController.swift in Sources */,
				B8D4EA0923D9E4B3005C839F /* ItemController.swift in Sources */,
				B8D4E9FD23D9E4B3005C839F /* TopStallsViewController.swift in Sources */,
				B8D4EA0C23D9E4B3005C839F /* Item.swift in Sources */,
				B8D4EA0023D9E4B3005C839F /* Stall.swift in Sources */,
				B8D4E9FB23D9E4B3005C839F /* SearchViewController.swift in Sources */,
				B8D4E9FA23D9E4B3005C839F /* CanteensViewController.swift in Sources */,
				B8D4EA0423D9E4B3005C839F /* FeedbackController.swift in Sources */,
				B8D4EA0B23D9E4B3005C839F /* AppDelegate.swift in Sources */,
				B8D4EA0123D9E4B3005C839F /* CanteenController.swift in Sources */,
				B8D4EA0323D9E4B3005C839F /* Feedback.swift in Sources */,
				B8D4E9FF23D9E4B3005C839F /* Canteen.swift in Sources */,
				B8D4EA0A23D9E4B3005C839F /* SceneDelegate.swift in Sources */,
			);
			runOnlyForDeploymentPostprocessing = 0;
		};
/* End PBXSourcesBuildPhase section */

/* Begin XCBuildConfiguration section */
		F3DEBE2A23D4344B005227BF /* Debug */ = {
			isa = XCBuildConfiguration;
			buildSettings = {
				ALWAYS_SEARCH_USER_PATHS = NO;
				CLANG_ANALYZER_NONNULL = YES;
				CLANG_ANALYZER_NUMBER_OBJECT_CONVERSION = YES_AGGRESSIVE;
				CLANG_CXX_LANGUAGE_STANDARD = "gnu++14";
				CLANG_CXX_LIBRARY = "libc++";
				CLANG_ENABLE_MODULES = YES;
				CLANG_ENABLE_OBJC_ARC = YES;
				CLANG_ENABLE_OBJC_WEAK = YES;
				CLANG_WARN_BLOCK_CAPTURE_AUTORELEASING = YES;
				CLANG_WARN_BOOL_CONVERSION = YES;
				CLANG_WARN_COMMA = YES;
				CLANG_WARN_CONSTANT_CONVERSION = YES;
				CLANG_WARN_DEPRECATED_OBJC_IMPLEMENTATIONS = YES;
				CLANG_WARN_DIRECT_OBJC_ISA_USAGE = YES_ERROR;
				CLANG_WARN_DOCUMENTATION_COMMENTS = YES;
				CLANG_WARN_EMPTY_BODY = YES;
				CLANG_WARN_ENUM_CONVERSION = YES;
				CLANG_WARN_INFINITE_RECURSION = YES;
				CLANG_WARN_INT_CONVERSION = YES;
				CLANG_WARN_NON_LITERAL_NULL_CONVERSION = YES;
				CLANG_WARN_OBJC_IMPLICIT_RETAIN_SELF = YES;
				CLANG_WARN_OBJC_LITERAL_CONVERSION = YES;
				CLANG_WARN_OBJC_ROOT_CLASS = YES_ERROR;
				CLANG_WARN_RANGE_LOOP_ANALYSIS = YES;
				CLANG_WARN_STRICT_PROTOTYPES = YES;
				CLANG_WARN_SUSPICIOUS_MOVE = YES;
				CLANG_WARN_UNGUARDED_AVAILABILITY = YES_AGGRESSIVE;
				CLANG_WARN_UNREACHABLE_CODE = YES;
				CLANG_WARN__DUPLICATE_METHOD_MATCH = YES;
				COPY_PHASE_STRIP = NO;
				DEBUG_INFORMATION_FORMAT = dwarf;
				ENABLE_STRICT_OBJC_MSGSEND = YES;
				ENABLE_TESTABILITY = YES;
				GCC_C_LANGUAGE_STANDARD = gnu11;
				GCC_DYNAMIC_NO_PIC = NO;
				GCC_NO_COMMON_BLOCKS = YES;
				GCC_OPTIMIZATION_LEVEL = 0;
				GCC_PREPROCESSOR_DEFINITIONS = (
					"DEBUG=1",
					"$(inherited)",
				);
				GCC_WARN_64_TO_32_BIT_CONVERSION = YES;
				GCC_WARN_ABOUT_RETURN_TYPE = YES_ERROR;
				GCC_WARN_UNDECLARED_SELECTOR = YES;
				GCC_WARN_UNINITIALIZED_AUTOS = YES_AGGRESSIVE;
				GCC_WARN_UNUSED_FUNCTION = YES;
				GCC_WARN_UNUSED_VARIABLE = YES;
				IPHONEOS_DEPLOYMENT_TARGET = 13.2;
				MTL_ENABLE_DEBUG_INFO = INCLUDE_SOURCE;
				MTL_FAST_MATH = YES;
				ONLY_ACTIVE_ARCH = YES;
				SDKROOT = iphoneos;
				SWIFT_ACTIVE_COMPILATION_CONDITIONS = DEBUG;
				SWIFT_OPTIMIZATION_LEVEL = "-Onone";
			};
			name = Debug;
		};
		F3DEBE2B23D4344B005227BF /* Release */ = {
			isa = XCBuildConfiguration;
			buildSettings = {
				ALWAYS_SEARCH_USER_PATHS = NO;
				CLANG_ANALYZER_NONNULL = YES;
				CLANG_ANALYZER_NUMBER_OBJECT_CONVERSION = YES_AGGRESSIVE;
				CLANG_CXX_LANGUAGE_STANDARD = "gnu++14";
				CLANG_CXX_LIBRARY = "libc++";
				CLANG_ENABLE_MODULES = YES;
				CLANG_ENABLE_OBJC_ARC = YES;
				CLANG_ENABLE_OBJC_WEAK = YES;
				CLANG_WARN_BLOCK_CAPTURE_AUTORELEASING = YES;
				CLANG_WARN_BOOL_CONVERSION = YES;
				CLANG_WARN_COMMA = YES;
				CLANG_WARN_CONSTANT_CONVERSION = YES;
				CLANG_WARN_DEPRECATED_OBJC_IMPLEMENTATIONS = YES;
				CLANG_WARN_DIRECT_OBJC_ISA_USAGE = YES_ERROR;
				CLANG_WARN_DOCUMENTATION_COMMENTS = YES;
				CLANG_WARN_EMPTY_BODY = YES;
				CLANG_WARN_ENUM_CONVERSION = YES;
				CLANG_WARN_INFINITE_RECURSION = YES;
				CLANG_WARN_INT_CONVERSION = YES;
				CLANG_WARN_NON_LITERAL_NULL_CONVERSION = YES;
				CLANG_WARN_OBJC_IMPLICIT_RETAIN_SELF = YES;
				CLANG_WARN_OBJC_LITERAL_CONVERSION = YES;
				CLANG_WARN_OBJC_ROOT_CLASS = YES_ERROR;
				CLANG_WARN_RANGE_LOOP_ANALYSIS = YES;
				CLANG_WARN_STRICT_PROTOTYPES = YES;
				CLANG_WARN_SUSPICIOUS_MOVE = YES;
				CLANG_WARN_UNGUARDED_AVAILABILITY = YES_AGGRESSIVE;
				CLANG_WARN_UNREACHABLE_CODE = YES;
				CLANG_WARN__DUPLICATE_METHOD_MATCH = YES;
				COPY_PHASE_STRIP = NO;
				DEBUG_INFORMATION_FORMAT = "dwarf-with-dsym";
				ENABLE_NS_ASSERTIONS = NO;
				ENABLE_STRICT_OBJC_MSGSEND = YES;
				GCC_C_LANGUAGE_STANDARD = gnu11;
				GCC_NO_COMMON_BLOCKS = YES;
				GCC_WARN_64_TO_32_BIT_CONVERSION = YES;
				GCC_WARN_ABOUT_RETURN_TYPE = YES_ERROR;
				GCC_WARN_UNDECLARED_SELECTOR = YES;
				GCC_WARN_UNINITIALIZED_AUTOS = YES_AGGRESSIVE;
				GCC_WARN_UNUSED_FUNCTION = YES;
				GCC_WARN_UNUSED_VARIABLE = YES;
				IPHONEOS_DEPLOYMENT_TARGET = 13.2;
				MTL_ENABLE_DEBUG_INFO = NO;
				MTL_FAST_MATH = YES;
				SDKROOT = iphoneos;
				SWIFT_COMPILATION_MODE = wholemodule;
				SWIFT_OPTIMIZATION_LEVEL = "-O";
				VALIDATE_PRODUCT = YES;
			};
			name = Release;
		};
		F3DEBE2D23D4344B005227BF /* Debug */ = {
			isa = XCBuildConfiguration;
			baseConfigurationReference = 2B638F86ABDB14A7E9E8879C /* Pods-NPFoodStallReview.debug.xcconfig */;
			buildSettings = {
				ASSETCATALOG_COMPILER_APPICON_NAME = AppIcon;
				CLANG_ENABLE_MODULES = YES;
				CODE_SIGN_STYLE = Automatic;
				DEVELOPMENT_TEAM = 98B95328KU;
				INFOPLIST_FILE = NPFoodStallReview/Info.plist;
				LD_RUNPATH_SEARCH_PATHS = (
					"$(inherited)",
					"@executable_path/Frameworks",
				);
				PRODUCT_BUNDLE_IDENTIFIER = com.mad2.NPFoodStallReview;
				PRODUCT_NAME = "$(TARGET_NAME)";
				SWIFT_OBJC_BRIDGING_HEADER = "NPFoodStallReview/NPFoodStallReview-Bridging-Header.h";
				SWIFT_OPTIMIZATION_LEVEL = "-Onone";
				SWIFT_VERSION = 5.0;
				TARGETED_DEVICE_FAMILY = "1,2";
			};
			name = Debug;
		};
		F3DEBE2E23D4344B005227BF /* Release */ = {
			isa = XCBuildConfiguration;
			baseConfigurationReference = 4413FC884CA687C4F1761171 /* Pods-NPFoodStallReview.release.xcconfig */;
			buildSettings = {
				ASSETCATALOG_COMPILER_APPICON_NAME = AppIcon;
				CLANG_ENABLE_MODULES = YES;
				CODE_SIGN_STYLE = Automatic;
				DEVELOPMENT_TEAM = 98B95328KU;
				INFOPLIST_FILE = NPFoodStallReview/Info.plist;
				LD_RUNPATH_SEARCH_PATHS = (
					"$(inherited)",
					"@executable_path/Frameworks",
				);
				PRODUCT_BUNDLE_IDENTIFIER = com.mad2.NPFoodStallReview;
				PRODUCT_NAME = "$(TARGET_NAME)";
				SWIFT_OBJC_BRIDGING_HEADER = "NPFoodStallReview/NPFoodStallReview-Bridging-Header.h";
				SWIFT_VERSION = 5.0;
				TARGETED_DEVICE_FAMILY = "1,2";
			};
			name = Release;
		};
/* End XCBuildConfiguration section */

/* Begin XCConfigurationList section */
		F3DEBE1323D43449005227BF /* Build configuration list for PBXProject "NPFoodStallReview" */ = {
			isa = XCConfigurationList;
			buildConfigurations = (
				F3DEBE2A23D4344B005227BF /* Debug */,
				F3DEBE2B23D4344B005227BF /* Release */,
			);
			defaultConfigurationIsVisible = 0;
			defaultConfigurationName = Release;
		};
		F3DEBE2C23D4344B005227BF /* Build configuration list for PBXNativeTarget "NPFoodStallReview" */ = {
			isa = XCConfigurationList;
			buildConfigurations = (
				F3DEBE2D23D4344B005227BF /* Debug */,
				F3DEBE2E23D4344B005227BF /* Release */,
			);
			defaultConfigurationIsVisible = 0;
			defaultConfigurationName = Release;
		};
/* End XCConfigurationList section */
	};
	rootObject = F3DEBE1023D43449005227BF /* Project object */;
}
