// !$*UTF8*$!
{
	archiveVersion = 1;
	classes = {
	};
	objectVersion = 51;
	objects = {

/* Begin PBXBuildFile section */
		47400CBFB32141599B4D3012 /* Pods_NPFoodStallReview.framework in Frameworks */ = {isa = PBXBuildFile; fileRef = 0BE087D8D82E03874AD1E925 /* Pods_NPFoodStallReview.framework */; };
		8C2AA5C123D9799500AE421A /* credentials.plist in Resources */ = {isa = PBXBuildFile; fileRef = 8C2AA5C023D9799500AE421A /* credentials.plist */; };
		8C527A6F23E0135300E063AD /* AddUpdateFeedbackViewController.swift in Sources */ = {isa = PBXBuildFile; fileRef = 8C527A6E23E0135300E063AD /* AddUpdateFeedbackViewController.swift */; };
		8C5E478823D8897A00F3BE81 /* FeedbackController.swift in Sources */ = {isa = PBXBuildFile; fileRef = 8C5E478723D8897A00F3BE81 /* FeedbackController.swift */; };
		8C7476BC23D82A5B00984017 /* CanteenController.swift in Sources */ = {isa = PBXBuildFile; fileRef = 8C7476BB23D82A5B00984017 /* CanteenController.swift */; };
		8C7476BE23D880DE00984017 /* StallController.swift in Sources */ = {isa = PBXBuildFile; fileRef = 8C7476BD23D880DE00984017 /* StallController.swift */; };
		8CEA207123E092FF008685CD /* FeedbacksViewController.swift in Sources */ = {isa = PBXBuildFile; fileRef = 8CEA207023E092FF008685CD /* FeedbacksViewController.swift */; };
		8CEA207423E09595008685CD /* MainAddUpdateFeedback.storyboard in Resources */ = {isa = PBXBuildFile; fileRef = 8CEA207223E09595008685CD /* MainAddUpdateFeedback.storyboard */; };
		8CF83BE623D96CC8007AD0B9 /* ItemController.swift in Sources */ = {isa = PBXBuildFile; fileRef = 8CF83BE523D96CC8007AD0B9 /* ItemController.swift */; };
		B8184C6F23E9485300DE7645 /* TopStallCell.swift in Sources */ = {isa = PBXBuildFile; fileRef = B8184C6E23E9485300DE7645 /* TopStallCell.swift */; };
		B8184C7123E9FB4000DE7645 /* searchCell.swift in Sources */ = {isa = PBXBuildFile; fileRef = B8184C7023E9FB4000DE7645 /* searchCell.swift */; };
		B89E1C7023DA206C0074FAE8 /* MainTop.storyboard in Resources */ = {isa = PBXBuildFile; fileRef = B89E1C6C23DA206C0074FAE8 /* MainTop.storyboard */; };
		B89E1C7123DA206C0074FAE8 /* MainSearch.storyboard in Resources */ = {isa = PBXBuildFile; fileRef = B89E1C6E23DA206C0074FAE8 /* MainSearch.storyboard */; };
		B89E1C7423DA36490074FAE8 /* MainCanteen.storyboard in Resources */ = {isa = PBXBuildFile; fileRef = B89E1C7223DA36490074FAE8 /* MainCanteen.storyboard */; };
		F314FC4F23E04DA7000BE91A /* StallCell.swift in Sources */ = {isa = PBXBuildFile; fileRef = F314FC4E23E04DA7000BE91A /* StallCell.swift */; };
		F314FC5523E051C5000BE91A /* CanteenHeaderCell.swift in Sources */ = {isa = PBXBuildFile; fileRef = F314FC5423E051C5000BE91A /* CanteenHeaderCell.swift */; };
		F34E957A23DC0B7000BEDA5A /* LocationDelegate.swift in Sources */ = {isa = PBXBuildFile; fileRef = F34E957923DC0B7000BEDA5A /* LocationDelegate.swift */; };
		F34ECDB723D6DCE20017FBE1 /* Stall.swift in Sources */ = {isa = PBXBuildFile; fileRef = F34ECDB623D6DCE20017FBE1 /* Stall.swift */; };
		F34ECDB923D6DCF30017FBE1 /* Canteen.swift in Sources */ = {isa = PBXBuildFile; fileRef = F34ECDB823D6DCF30017FBE1 /* Canteen.swift */; };
		F34ECDBB23D6DD1E0017FBE1 /* Item.swift in Sources */ = {isa = PBXBuildFile; fileRef = F34ECDBA23D6DD1E0017FBE1 /* Item.swift */; };
		F34ECDBD23D6DD2C0017FBE1 /* Feedback.swift in Sources */ = {isa = PBXBuildFile; fileRef = F34ECDBC23D6DD2C0017FBE1 /* Feedback.swift */; };
		F37AA8AD23D4385100BDBAB1 /* GoogleService-Info.plist in Resources */ = {isa = PBXBuildFile; fileRef = F37AA8AC23D4385100BDBAB1 /* GoogleService-Info.plist */; };
		F3B49F3823E15A39003E203B /* MainItem.storyboard in Resources */ = {isa = PBXBuildFile; fileRef = F3B49F3723E15A39003E203B /* MainItem.storyboard */; };
		F3B49F3A23E15A78003E203B /* ShowItemViewController.swift in Sources */ = {isa = PBXBuildFile; fileRef = F3B49F3923E15A78003E203B /* ShowItemViewController.swift */; };
		F3B49F3C23E18D54003E203B /* ItemCell.swift in Sources */ = {isa = PBXBuildFile; fileRef = F3B49F3B23E18D54003E203B /* ItemCell.swift */; };
		F3B9B50623D9A99300A2AFA4 /* TopStallsViewController.swift in Sources */ = {isa = PBXBuildFile; fileRef = F3B9B50523D9A99300A2AFA4 /* TopStallsViewController.swift */; };
		F3B9B50823D9A9A200A2AFA4 /* SearchViewController.swift in Sources */ = {isa = PBXBuildFile; fileRef = F3B9B50723D9A9A200A2AFA4 /* SearchViewController.swift */; };
		F3C17ABC23E3461B00AF84E5 /* NotificationKeys.swift in Sources */ = {isa = PBXBuildFile; fileRef = F3C17ABB23E3461B00AF84E5 /* NotificationKeys.swift */; };
		F3DEBE1C23D43449005227BF /* AppDelegate.swift in Sources */ = {isa = PBXBuildFile; fileRef = F3DEBE1B23D43449005227BF /* AppDelegate.swift */; };
		F3DEBE1E23D43449005227BF /* SceneDelegate.swift in Sources */ = {isa = PBXBuildFile; fileRef = F3DEBE1D23D43449005227BF /* SceneDelegate.swift */; };
		F3DEBE2023D43449005227BF /* ViewController.swift in Sources */ = {isa = PBXBuildFile; fileRef = F3DEBE1F23D43449005227BF /* ViewController.swift */; };
		F3DEBE2323D43449005227BF /* Main.storyboard in Resources */ = {isa = PBXBuildFile; fileRef = F3DEBE2123D43449005227BF /* Main.storyboard */; };
		F3DEBE2523D4344B005227BF /* Assets.xcassets in Resources */ = {isa = PBXBuildFile; fileRef = F3DEBE2423D4344B005227BF /* Assets.xcassets */; };
		F3DEBE2823D4344B005227BF /* LaunchScreen.storyboard in Resources */ = {isa = PBXBuildFile; fileRef = F3DEBE2623D4344B005227BF /* LaunchScreen.storyboard */; };
		F3EDCEA423D9888E00667D57 /* CanteensViewController.swift in Sources */ = {isa = PBXBuildFile; fileRef = F3EDCEA323D9888E00667D57 /* CanteensViewController.swift */; };
/* End PBXBuildFile section */

/* Begin PBXFileReference section */
		0BE087D8D82E03874AD1E925 /* Pods_NPFoodStallReview.framework */ = {isa = PBXFileReference; explicitFileType = wrapper.framework; includeInIndex = 0; path = Pods_NPFoodStallReview.framework; sourceTree = BUILT_PRODUCTS_DIR; };
		2B638F86ABDB14A7E9E8879C /* Pods-NPFoodStallReview.debug.xcconfig */ = {isa = PBXFileReference; includeInIndex = 1; lastKnownFileType = text.xcconfig; name = "Pods-NPFoodStallReview.debug.xcconfig"; path = "Target Support Files/Pods-NPFoodStallReview/Pods-NPFoodStallReview.debug.xcconfig"; sourceTree = "<group>"; };
		4413FC884CA687C4F1761171 /* Pods-NPFoodStallReview.release.xcconfig */ = {isa = PBXFileReference; includeInIndex = 1; lastKnownFileType = text.xcconfig; name = "Pods-NPFoodStallReview.release.xcconfig"; path = "Target Support Files/Pods-NPFoodStallReview/Pods-NPFoodStallReview.release.xcconfig"; sourceTree = "<group>"; };
		8C2AA5C023D9799500AE421A /* credentials.plist */ = {isa = PBXFileReference; fileEncoding = 4; lastKnownFileType = text.plist.xml; path = credentials.plist; sourceTree = "<group>"; };
		8C527A6E23E0135300E063AD /* AddUpdateFeedbackViewController.swift */ = {isa = PBXFileReference; lastKnownFileType = sourcecode.swift; path = AddUpdateFeedbackViewController.swift; sourceTree = "<group>"; };
		8C5E478723D8897A00F3BE81 /* FeedbackController.swift */ = {isa = PBXFileReference; lastKnownFileType = sourcecode.swift; path = FeedbackController.swift; sourceTree = "<group>"; };
		8C7476BB23D82A5B00984017 /* CanteenController.swift */ = {isa = PBXFileReference; lastKnownFileType = sourcecode.swift; path = CanteenController.swift; sourceTree = "<group>"; };
		8C7476BD23D880DE00984017 /* StallController.swift */ = {isa = PBXFileReference; lastKnownFileType = sourcecode.swift; path = StallController.swift; sourceTree = "<group>"; };
		8CEA207023E092FF008685CD /* FeedbacksViewController.swift */ = {isa = PBXFileReference; lastKnownFileType = sourcecode.swift; path = FeedbacksViewController.swift; sourceTree = "<group>"; };
		8CEA207323E09595008685CD /* Base */ = {isa = PBXFileReference; lastKnownFileType = file.storyboard; name = Base; path = Base.lproj/MainAddUpdateFeedback.storyboard; sourceTree = "<group>"; };
		8CF83BE523D96CC8007AD0B9 /* ItemController.swift */ = {isa = PBXFileReference; lastKnownFileType = sourcecode.swift; path = ItemController.swift; sourceTree = "<group>"; };
		B8184C6E23E9485300DE7645 /* TopStallCell.swift */ = {isa = PBXFileReference; lastKnownFileType = sourcecode.swift; path = TopStallCell.swift; sourceTree = "<group>"; };
		B8184C7023E9FB4000DE7645 /* searchCell.swift */ = {isa = PBXFileReference; lastKnownFileType = sourcecode.swift; path = searchCell.swift; sourceTree = "<group>"; };
		B89E1C6D23DA206C0074FAE8 /* Base */ = {isa = PBXFileReference; lastKnownFileType = file.storyboard; name = Base; path = Base.lproj/MainTop.storyboard; sourceTree = "<group>"; };
		B89E1C6F23DA206C0074FAE8 /* Base */ = {isa = PBXFileReference; lastKnownFileType = file.storyboard; name = Base; path = Base.lproj/MainSearch.storyboard; sourceTree = "<group>"; };
		B89E1C7323DA36490074FAE8 /* Base */ = {isa = PBXFileReference; lastKnownFileType = file.storyboard; name = Base; path = Base.lproj/MainCanteen.storyboard; sourceTree = "<group>"; };
		F314FC4E23E04DA7000BE91A /* StallCell.swift */ = {isa = PBXFileReference; lastKnownFileType = sourcecode.swift; path = StallCell.swift; sourceTree = "<group>"; };
		F314FC5423E051C5000BE91A /* CanteenHeaderCell.swift */ = {isa = PBXFileReference; lastKnownFileType = sourcecode.swift; path = CanteenHeaderCell.swift; sourceTree = "<group>"; };
		F34E957923DC0B7000BEDA5A /* LocationDelegate.swift */ = {isa = PBXFileReference; lastKnownFileType = sourcecode.swift; path = LocationDelegate.swift; sourceTree = "<group>"; };
		F34ECDB623D6DCE20017FBE1 /* Stall.swift */ = {isa = PBXFileReference; lastKnownFileType = sourcecode.swift; path = Stall.swift; sourceTree = "<group>"; };
		F34ECDB823D6DCF30017FBE1 /* Canteen.swift */ = {isa = PBXFileReference; lastKnownFileType = sourcecode.swift; path = Canteen.swift; sourceTree = "<group>"; };
		F34ECDBA23D6DD1E0017FBE1 /* Item.swift */ = {isa = PBXFileReference; lastKnownFileType = sourcecode.swift; path = Item.swift; sourceTree = "<group>"; };
		F34ECDBC23D6DD2C0017FBE1 /* Feedback.swift */ = {isa = PBXFileReference; lastKnownFileType = sourcecode.swift; path = Feedback.swift; sourceTree = "<group>"; };
		F37AA8AC23D4385100BDBAB1 /* GoogleService-Info.plist */ = {isa = PBXFileReference; fileEncoding = 4; lastKnownFileType = text.plist.xml; path = "GoogleService-Info.plist"; sourceTree = "<group>"; };
		F3B49F3723E15A39003E203B /* MainItem.storyboard */ = {isa = PBXFileReference; lastKnownFileType = file.storyboard; path = MainItem.storyboard; sourceTree = "<group>"; };
		F3B49F3923E15A78003E203B /* ShowItemViewController.swift */ = {isa = PBXFileReference; lastKnownFileType = sourcecode.swift; path = ShowItemViewController.swift; sourceTree = "<group>"; };
		F3B49F3B23E18D54003E203B /* ItemCell.swift */ = {isa = PBXFileReference; lastKnownFileType = sourcecode.swift; path = ItemCell.swift; sourceTree = "<group>"; };
		F3B9B50523D9A99300A2AFA4 /* TopStallsViewController.swift */ = {isa = PBXFileReference; lastKnownFileType = sourcecode.swift; path = TopStallsViewController.swift; sourceTree = "<group>"; };
		F3B9B50723D9A9A200A2AFA4 /* SearchViewController.swift */ = {isa = PBXFileReference; lastKnownFileType = sourcecode.swift; path = SearchViewController.swift; sourceTree = "<group>"; };
		F3C17ABB23E3461B00AF84E5 /* NotificationKeys.swift */ = {isa = PBXFileReference; lastKnownFileType = sourcecode.swift; path = NotificationKeys.swift; sourceTree = "<group>"; };
		F3DEBE1823D43449005227BF /* NPFoodStallReview.app */ = {isa = PBXFileReference; explicitFileType = wrapper.application; includeInIndex = 0; path = NPFoodStallReview.app; sourceTree = BUILT_PRODUCTS_DIR; };
		F3DEBE1B23D43449005227BF /* AppDelegate.swift */ = {isa = PBXFileReference; lastKnownFileType = sourcecode.swift; path = AppDelegate.swift; sourceTree = "<group>"; };
		F3DEBE1D23D43449005227BF /* SceneDelegate.swift */ = {isa = PBXFileReference; lastKnownFileType = sourcecode.swift; path = SceneDelegate.swift; sourceTree = "<group>"; };
		F3DEBE1F23D43449005227BF /* ViewController.swift */ = {isa = PBXFileReference; lastKnownFileType = sourcecode.swift; path = ViewController.swift; sourceTree = "<group>"; };
		F3DEBE2223D43449005227BF /* Base */ = {isa = PBXFileReference; lastKnownFileType = file.storyboard; name = Base; path = Base.lproj/Main.storyboard; sourceTree = "<group>"; };
		F3DEBE2423D4344B005227BF /* Assets.xcassets */ = {isa = PBXFileReference; lastKnownFileType = folder.assetcatalog; path = Assets.xcassets; sourceTree = "<group>"; };
		F3DEBE2723D4344B005227BF /* Base */ = {isa = PBXFileReference; lastKnownFileType = file.storyboard; name = Base; path = Base.lproj/LaunchScreen.storyboard; sourceTree = "<group>"; };
		F3DEBE2923D4344B005227BF /* Info.plist */ = {isa = PBXFileReference; lastKnownFileType = text.plist.xml; path = Info.plist; sourceTree = "<group>"; };
		F3EDCEA323D9888E00667D57 /* CanteensViewController.swift */ = {isa = PBXFileReference; lastKnownFileType = sourcecode.swift; path = CanteensViewController.swift; sourceTree = "<group>"; };
/* End PBXFileReference section */

/* Begin PBXFrameworksBuildPhase section */
		F3DEBE1523D43449005227BF /* Frameworks */ = {
			isa = PBXFrameworksBuildPhase;
			buildActionMask = 2147483647;
			files = (
				47400CBFB32141599B4D3012 /* Pods_NPFoodStallReview.framework in Frameworks */,
			);
			runOnlyForDeploymentPostprocessing = 0;
		};
/* End PBXFrameworksBuildPhase section */

/* Begin PBXGroup section */
		1C011487DF1C50539F52DFAD /* Pods */ = {
			isa = PBXGroup;
			children = (
				2B638F86ABDB14A7E9E8879C /* Pods-NPFoodStallReview.debug.xcconfig */,
				4413FC884CA687C4F1761171 /* Pods-NPFoodStallReview.release.xcconfig */,
			);
			path = Pods;
			sourceTree = "<group>";
		};
		2C80C8CF6B9BB80FDCF9E166 /* Frameworks */ = {
			isa = PBXGroup;
			children = (
				0BE087D8D82E03874AD1E925 /* Pods_NPFoodStallReview.framework */,
			);
			name = Frameworks;
			sourceTree = "<group>";
		};
		F314FC5023E04E03000BE91A /* Model */ = {
			isa = PBXGroup;
			children = (
				F34ECDBA23D6DD1E0017FBE1 /* Item.swift */,
				F34ECDBC23D6DD2C0017FBE1 /* Feedback.swift */,
				F34ECDB823D6DCF30017FBE1 /* Canteen.swift */,
				F34ECDB623D6DCE20017FBE1 /* Stall.swift */,
			);
			path = Model;
			sourceTree = "<group>";
		};
		F314FC5123E04E2D000BE91A /* CustomView */ = {
			isa = PBXGroup;
			children = (
				F314FC4E23E04DA7000BE91A /* StallCell.swift */,
				F314FC5423E051C5000BE91A /* CanteenHeaderCell.swift */,
				F3B49F3B23E18D54003E203B /* ItemCell.swift */,
				B8184C6E23E9485300DE7645 /* TopStallCell.swift */,
				B8184C7023E9FB4000DE7645 /* searchCell.swift */,
			);
			path = CustomView;
			sourceTree = "<group>";
		};
		F314FC5223E050D5000BE91A /* Controllers */ = {
			isa = PBXGroup;
			children = (
				F3B9B50723D9A9A200A2AFA4 /* SearchViewController.swift */,
				F3B9B50523D9A99300A2AFA4 /* TopStallsViewController.swift */,
				F3EDCEA323D9888E00667D57 /* CanteensViewController.swift */,
				8C5E478723D8897A00F3BE81 /* FeedbackController.swift */,
				8CF83BE523D96CC8007AD0B9 /* ItemController.swift */,
				8C7476BB23D82A5B00984017 /* CanteenController.swift */,
				8C7476BD23D880DE00984017 /* StallController.swift */,
				8C527A6E23E0135300E063AD /* AddUpdateFeedbackViewController.swift */,
				F3DEBE1F23D43449005227BF /* ViewController.swift */,
				8CEA207023E092FF008685CD /* FeedbacksViewController.swift */,
				F3B49F3923E15A78003E203B /* ShowItemViewController.swift */,
			);
			path = Controllers;
			sourceTree = "<group>";
		};
		F314FC5323E050DF000BE91A /* Views */ = {
			isa = PBXGroup;
			children = (
				8CEA207223E09595008685CD /* MainAddUpdateFeedback.storyboard */,
				F3DEBE2623D4344B005227BF /* LaunchScreen.storyboard */,
				F3DEBE2123D43449005227BF /* Main.storyboard */,
				B89E1C6C23DA206C0074FAE8 /* MainTop.storyboard */,
				B89E1C7223DA36490074FAE8 /* MainCanteen.storyboard */,
				B89E1C6E23DA206C0074FAE8 /* MainSearch.storyboard */,
				F3B49F3723E15A39003E203B /* MainItem.storyboard */,
			);
			path = Views;
			sourceTree = "<group>";
		};
		F3DEBE0F23D43449005227BF = {
			isa = PBXGroup;
			children = (
				F3DEBE1A23D43449005227BF /* NPFoodStallReview */,
				F3DEBE1923D43449005227BF /* Products */,
				1C011487DF1C50539F52DFAD /* Pods */,
				2C80C8CF6B9BB80FDCF9E166 /* Frameworks */,
			);
			sourceTree = "<group>";
		};
		F3DEBE1923D43449005227BF /* Products */ = {
			isa = PBXGroup;
			children = (
				F3DEBE1823D43449005227BF /* NPFoodStallReview.app */,
			);
			name = Products;
			sourceTree = "<group>";
		};
		F3DEBE1A23D43449005227BF /* NPFoodStallReview */ = {
			isa = PBXGroup;
			children = (
				F314FC5323E050DF000BE91A /* Views */,
				F314FC5223E050D5000BE91A /* Controllers */,
				F314FC5123E04E2D000BE91A /* CustomView */,
				F314FC5023E04E03000BE91A /* Model */,
				8C2AA5C023D9799500AE421A /* credentials.plist */,
				F3DEBE1B23D43449005227BF /* AppDelegate.swift */,
				F3DEBE1D23D43449005227BF /* SceneDelegate.swift */,
				F3DEBE2423D4344B005227BF /* Assets.xcassets */,
				F3DEBE2923D4344B005227BF /* Info.plist */,
				F37AA8AC23D4385100BDBAB1 /* GoogleService-Info.plist */,
				F34E957923DC0B7000BEDA5A /* LocationDelegate.swift */,
				F3C17ABB23E3461B00AF84E5 /* NotificationKeys.swift */,
			);
			path = NPFoodStallReview;
			sourceTree = "<group>";
		};
/* End PBXGroup section */

/* Begin PBXNativeTarget section */
		F3DEBE1723D43449005227BF /* NPFoodStallReview */ = {
			isa = PBXNativeTarget;
			buildConfigurationList = F3DEBE2C23D4344B005227BF /* Build configuration list for PBXNativeTarget "NPFoodStallReview" */;
			buildPhases = (
				998DE45E686ED48321F581BE /* [CP] Check Pods Manifest.lock */,
				F3DEBE1423D43449005227BF /* Sources */,
				F3DEBE1523D43449005227BF /* Frameworks */,
				F3DEBE1623D43449005227BF /* Resources */,
				24AA5FB2B90976B804B2F594 /* [CP] Embed Pods Frameworks */,
				3DA52820A7A494F21159E808 /* [CP] Copy Pods Resources */,
			);
			buildRules = (
			);
			dependencies = (
			);
			name = NPFoodStallReview;
			productName = NPFoodStallReview;
			productReference = F3DEBE1823D43449005227BF /* NPFoodStallReview.app */;
			productType = "com.apple.product-type.application";
		};
/* End PBXNativeTarget section */

/* Begin PBXProject section */
		F3DEBE1023D43449005227BF /* Project object */ = {
			isa = PBXProject;
			attributes = {
				LastSwiftUpdateCheck = 1120;
				LastUpgradeCheck = 1120;
				ORGANIZATIONNAME = "Jm San Diego";
				TargetAttributes = {
					F3DEBE1723D43449005227BF = {
						CreatedOnToolsVersion = 11.2.1;
					};
				};
			};
			buildConfigurationList = F3DEBE1323D43449005227BF /* Build configuration list for PBXProject "NPFoodStallReview" */;
			compatibilityVersion = "Xcode 9.3";
			developmentRegion = en;
			hasScannedForEncodings = 0;
			knownRegions = (
				en,
				Base,
			);
			mainGroup = F3DEBE0F23D43449005227BF;
			productRefGroup = F3DEBE1923D43449005227BF /* Products */;
			projectDirPath = "";
			projectRoot = "";
			targets = (
				F3DEBE1723D43449005227BF /* NPFoodStallReview */,
			);
		};
/* End PBXProject section */

/* Begin PBXResourcesBuildPhase section */
		F3DEBE1623D43449005227BF /* Resources */ = {
			isa = PBXResourcesBuildPhase;
			buildActionMask = 2147483647;
			files = (
				8CEA207423E09595008685CD /* MainAddUpdateFeedback.storyboard in Resources */,
				B89E1C7423DA36490074FAE8 /* MainCanteen.storyboard in Resources */,
				F3DEBE2823D4344B005227BF /* LaunchScreen.storyboard in Resources */,
				B89E1C7023DA206C0074FAE8 /* MainTop.storyboard in Resources */,
				F37AA8AD23D4385100BDBAB1 /* GoogleService-Info.plist in Resources */,
				B89E1C7123DA206C0074FAE8 /* MainSearch.storyboard in Resources */,
				8C2AA5C123D9799500AE421A /* credentials.plist in Resources */,
				F3DEBE2523D4344B005227BF /* Assets.xcassets in Resources */,
				F3B49F3823E15A39003E203B /* MainItem.storyboard in Resources */,
				F3DEBE2323D43449005227BF /* Main.storyboard in Resources */,
			);
			runOnlyForDeploymentPostprocessing = 0;
		};
/* End PBXResourcesBuildPhase section */

/* Begin PBXShellScriptBuildPhase section */
		24AA5FB2B90976B804B2F594 /* [CP] Embed Pods Frameworks */ = {
			isa = PBXShellScriptBuildPhase;
			buildActionMask = 2147483647;
			files = (
			);
			inputFileListPaths = (
				"${PODS_ROOT}/Target Support Files/Pods-NPFoodStallReview/Pods-NPFoodStallReview-frameworks-${CONFIGURATION}-input-files.xcfilelist",
			);
			name = "[CP] Embed Pods Frameworks";
			outputFileListPaths = (
				"${PODS_ROOT}/Target Support Files/Pods-NPFoodStallReview/Pods-NPFoodStallReview-frameworks-${CONFIGURATION}-output-files.xcfilelist",
			);
			runOnlyForDeploymentPostprocessing = 0;
			shellPath = /bin/sh;
			shellScript = "\"${PODS_ROOT}/Target Support Files/Pods-NPFoodStallReview/Pods-NPFoodStallReview-frameworks.sh\"\n";
			showEnvVarsInLog = 0;
		};
		3DA52820A7A494F21159E808 /* [CP] Copy Pods Resources */ = {
			isa = PBXShellScriptBuildPhase;
			buildActionMask = 2147483647;
			files = (
			);
			inputFileListPaths = (
				"${PODS_ROOT}/Target Support Files/Pods-NPFoodStallReview/Pods-NPFoodStallReview-resources-${CONFIGURATION}-input-files.xcfilelist",
			);
			name = "[CP] Copy Pods Resources";
			outputFileListPaths = (
				"${PODS_ROOT}/Target Support Files/Pods-NPFoodStallReview/Pods-NPFoodStallReview-resources-${CONFIGURATION}-output-files.xcfilelist",
			);
			runOnlyForDeploymentPostprocessing = 0;
			shellPath = /bin/sh;
			shellScript = "\"${PODS_ROOT}/Target Support Files/Pods-NPFoodStallReview/Pods-NPFoodStallReview-resources.sh\"\n";
			showEnvVarsInLog = 0;
		};
		998DE45E686ED48321F581BE /* [CP] Check Pods Manifest.lock */ = {
			isa = PBXShellScriptBuildPhase;
			buildActionMask = 2147483647;
			files = (
			);
			inputFileListPaths = (
			);
			inputPaths = (
				"${PODS_PODFILE_DIR_PATH}/Podfile.lock",
				"${PODS_ROOT}/Manifest.lock",
			);
			name = "[CP] Check Pods Manifest.lock";
			outputFileListPaths = (
			);
			outputPaths = (
				"$(DERIVED_FILE_DIR)/Pods-NPFoodStallReview-checkManifestLockResult.txt",
			);
			runOnlyForDeploymentPostprocessing = 0;
			shellPath = /bin/sh;
			shellScript = "diff \"${PODS_PODFILE_DIR_PATH}/Podfile.lock\" \"${PODS_ROOT}/Manifest.lock\" > /dev/null\nif [ $? != 0 ] ; then\n    # print error to STDERR\n    echo \"error: The sandbox is not in sync with the Podfile.lock. Run 'pod install' or update your CocoaPods installation.\" >&2\n    exit 1\nfi\n# This output is used by Xcode 'outputs' to avoid re-running this script phase.\necho \"SUCCESS\" > \"${SCRIPT_OUTPUT_FILE_0}\"\n";
			showEnvVarsInLog = 0;
		};
/* End PBXShellScriptBuildPhase section */

/* Begin PBXSourcesBuildPhase section */
		F3DEBE1423D43449005227BF /* Sources */ = {
			isa = PBXSourcesBuildPhase;
			buildActionMask = 2147483647;
			files = (
				8C527A6F23E0135300E063AD /* AddUpdateFeedbackViewController.swift in Sources */,
				B8184C6F23E9485300DE7645 /* TopStallCell.swift in Sources */,
				F3DEBE2023D43449005227BF /* ViewController.swift in Sources */,
				F3B49F3A23E15A78003E203B /* ShowItemViewController.swift in Sources */,
				F3DEBE1C23D43449005227BF /* AppDelegate.swift in Sources */,
				8CF83BE623D96CC8007AD0B9 /* ItemController.swift in Sources */,
				F34ECDB723D6DCE20017FBE1 /* Stall.swift in Sources */,
				F34E957A23DC0B7000BEDA5A /* LocationDelegate.swift in Sources */,
				F3EDCEA423D9888E00667D57 /* CanteensViewController.swift in Sources */,
				F3DEBE1E23D43449005227BF /* SceneDelegate.swift in Sources */,
				8CEA207123E092FF008685CD /* FeedbacksViewController.swift in Sources */,
				F3C17ABC23E3461B00AF84E5 /* NotificationKeys.swift in Sources */,
				8C7476BC23D82A5B00984017 /* CanteenController.swift in Sources */,
				F3B49F3C23E18D54003E203B /* ItemCell.swift in Sources */,
				F34ECDBB23D6DD1E0017FBE1 /* Item.swift in Sources */,
				F3B9B50823D9A9A200A2AFA4 /* SearchViewController.swift in Sources */,
				F314FC4F23E04DA7000BE91A /* StallCell.swift in Sources */,
				B8184C7123E9FB4000DE7645 /* searchCell.swift in Sources */,
				8C5E478823D8897A00F3BE81 /* FeedbackController.swift in Sources */,
				8C7476BE23D880DE00984017 /* StallController.swift in Sources */,
				F34ECDBD23D6DD2C0017FBE1 /* Feedback.swift in Sources */,
				F3B9B50623D9A99300A2AFA4 /* TopStallsViewController.swift in Sources */,
				F34ECDB923D6DCF30017FBE1 /* Canteen.swift in Sources */,
				F314FC5523E051C5000BE91A /* CanteenHeaderCell.swift in Sources */,
			);
			runOnlyForDeploymentPostprocessing = 0;
		};
/* End PBXSourcesBuildPhase section */

/* Begin PBXVariantGroup section */
		8CEA207223E09595008685CD /* MainAddUpdateFeedback.storyboard */ = {
			isa = PBXVariantGroup;
			children = (
				8CEA207323E09595008685CD /* Base */,
			);
			name = MainAddUpdateFeedback.storyboard;
			sourceTree = "<group>";
		};
		B89E1C6C23DA206C0074FAE8 /* MainTop.storyboard */ = {
			isa = PBXVariantGroup;
			children = (
				B89E1C6D23DA206C0074FAE8 /* Base */,
			);
			name = MainTop.storyboard;
			sourceTree = "<group>";
		};
		B89E1C6E23DA206C0074FAE8 /* MainSearch.storyboard */ = {
			isa = PBXVariantGroup;
			children = (
				B89E1C6F23DA206C0074FAE8 /* Base */,
			);
			name = MainSearch.storyboard;
			sourceTree = "<group>";
		};
		B89E1C7223DA36490074FAE8 /* MainCanteen.storyboard */ = {
			isa = PBXVariantGroup;
			children = (
				B89E1C7323DA36490074FAE8 /* Base */,
			);
			name = MainCanteen.storyboard;
			sourceTree = "<group>";
		};
		F3DEBE2123D43449005227BF /* Main.storyboard */ = {
			isa = PBXVariantGroup;
			children = (
				F3DEBE2223D43449005227BF /* Base */,
			);
			name = Main.storyboard;
			sourceTree = "<group>";
		};
		F3DEBE2623D4344B005227BF /* LaunchScreen.storyboard */ = {
			isa = PBXVariantGroup;
			children = (
				F3DEBE2723D4344B005227BF /* Base */,
			);
			name = LaunchScreen.storyboard;
			sourceTree = "<group>";
		};
/* End PBXVariantGroup section */

/* Begin XCBuildConfiguration section */
		F3DEBE2A23D4344B005227BF /* Debug */ = {
			isa = XCBuildConfiguration;
			buildSettings = {
				ALWAYS_SEARCH_USER_PATHS = NO;
				CLANG_ANALYZER_NONNULL = YES;
				CLANG_ANALYZER_NUMBER_OBJECT_CONVERSION = YES_AGGRESSIVE;
				CLANG_CXX_LANGUAGE_STANDARD = "gnu++14";
				CLANG_CXX_LIBRARY = "libc++";
				CLANG_ENABLE_MODULES = YES;
				CLANG_ENABLE_OBJC_ARC = YES;
				CLANG_ENABLE_OBJC_WEAK = YES;
				CLANG_WARN_BLOCK_CAPTURE_AUTORELEASING = YES;
				CLANG_WARN_BOOL_CONVERSION = YES;
				CLANG_WARN_COMMA = YES;
				CLANG_WARN_CONSTANT_CONVERSION = YES;
				CLANG_WARN_DEPRECATED_OBJC_IMPLEMENTATIONS = YES;
				CLANG_WARN_DIRECT_OBJC_ISA_USAGE = YES_ERROR;
				CLANG_WARN_DOCUMENTATION_COMMENTS = YES;
				CLANG_WARN_EMPTY_BODY = YES;
				CLANG_WARN_ENUM_CONVERSION = YES;
				CLANG_WARN_INFINITE_RECURSION = YES;
				CLANG_WARN_INT_CONVERSION = YES;
				CLANG_WARN_NON_LITERAL_NULL_CONVERSION = YES;
				CLANG_WARN_OBJC_IMPLICIT_RETAIN_SELF = YES;
				CLANG_WARN_OBJC_LITERAL_CONVERSION = YES;
				CLANG_WARN_OBJC_ROOT_CLASS = YES_ERROR;
				CLANG_WARN_RANGE_LOOP_ANALYSIS = YES;
				CLANG_WARN_STRICT_PROTOTYPES = YES;
				CLANG_WARN_SUSPICIOUS_MOVE = YES;
				CLANG_WARN_UNGUARDED_AVAILABILITY = YES_AGGRESSIVE;
				CLANG_WARN_UNREACHABLE_CODE = YES;
				CLANG_WARN__DUPLICATE_METHOD_MATCH = YES;
				COPY_PHASE_STRIP = NO;
				DEBUG_INFORMATION_FORMAT = dwarf;
				ENABLE_STRICT_OBJC_MSGSEND = YES;
				ENABLE_TESTABILITY = YES;
				GCC_C_LANGUAGE_STANDARD = gnu11;
				GCC_DYNAMIC_NO_PIC = NO;
				GCC_NO_COMMON_BLOCKS = YES;
				GCC_OPTIMIZATION_LEVEL = 0;
				GCC_PREPROCESSOR_DEFINITIONS = (
					"DEBUG=1",
					"$(inherited)",
				);
				GCC_WARN_64_TO_32_BIT_CONVERSION = YES;
				GCC_WARN_ABOUT_RETURN_TYPE = YES_ERROR;
				GCC_WARN_UNDECLARED_SELECTOR = YES;
				GCC_WARN_UNINITIALIZED_AUTOS = YES_AGGRESSIVE;
				GCC_WARN_UNUSED_FUNCTION = YES;
				GCC_WARN_UNUSED_VARIABLE = YES;
				IPHONEOS_DEPLOYMENT_TARGET = 13.2;
				MTL_ENABLE_DEBUG_INFO = INCLUDE_SOURCE;
				MTL_FAST_MATH = YES;
				ONLY_ACTIVE_ARCH = YES;
				SDKROOT = iphoneos;
				SWIFT_ACTIVE_COMPILATION_CONDITIONS = DEBUG;
				SWIFT_OPTIMIZATION_LEVEL = "-Onone";
			};
			name = Debug;
		};
		F3DEBE2B23D4344B005227BF /* Release */ = {
			isa = XCBuildConfiguration;
			buildSettings = {
				ALWAYS_SEARCH_USER_PATHS = NO;
				CLANG_ANALYZER_NONNULL = YES;
				CLANG_ANALYZER_NUMBER_OBJECT_CONVERSION = YES_AGGRESSIVE;
				CLANG_CXX_LANGUAGE_STANDARD = "gnu++14";
				CLANG_CXX_LIBRARY = "libc++";
				CLANG_ENABLE_MODULES = YES;
				CLANG_ENABLE_OBJC_ARC = YES;
				CLANG_ENABLE_OBJC_WEAK = YES;
				CLANG_WARN_BLOCK_CAPTURE_AUTORELEASING = YES;
				CLANG_WARN_BOOL_CONVERSION = YES;
				CLANG_WARN_COMMA = YES;
				CLANG_WARN_CONSTANT_CONVERSION = YES;
				CLANG_WARN_DEPRECATED_OBJC_IMPLEMENTATIONS = YES;
				CLANG_WARN_DIRECT_OBJC_ISA_USAGE = YES_ERROR;
				CLANG_WARN_DOCUMENTATION_COMMENTS = YES;
				CLANG_WARN_EMPTY_BODY = YES;
				CLANG_WARN_ENUM_CONVERSION = YES;
				CLANG_WARN_INFINITE_RECURSION = YES;
				CLANG_WARN_INT_CONVERSION = YES;
				CLANG_WARN_NON_LITERAL_NULL_CONVERSION = YES;
				CLANG_WARN_OBJC_IMPLICIT_RETAIN_SELF = YES;
				CLANG_WARN_OBJC_LITERAL_CONVERSION = YES;
				CLANG_WARN_OBJC_ROOT_CLASS = YES_ERROR;
				CLANG_WARN_RANGE_LOOP_ANALYSIS = YES;
				CLANG_WARN_STRICT_PROTOTYPES = YES;
				CLANG_WARN_SUSPICIOUS_MOVE = YES;
				CLANG_WARN_UNGUARDED_AVAILABILITY = YES_AGGRESSIVE;
				CLANG_WARN_UNREACHABLE_CODE = YES;
				CLANG_WARN__DUPLICATE_METHOD_MATCH = YES;
				COPY_PHASE_STRIP = NO;
				DEBUG_INFORMATION_FORMAT = "dwarf-with-dsym";
				ENABLE_NS_ASSERTIONS = NO;
				ENABLE_STRICT_OBJC_MSGSEND = YES;
				GCC_C_LANGUAGE_STANDARD = gnu11;
				GCC_NO_COMMON_BLOCKS = YES;
				GCC_WARN_64_TO_32_BIT_CONVERSION = YES;
				GCC_WARN_ABOUT_RETURN_TYPE = YES_ERROR;
				GCC_WARN_UNDECLARED_SELECTOR = YES;
				GCC_WARN_UNINITIALIZED_AUTOS = YES_AGGRESSIVE;
				GCC_WARN_UNUSED_FUNCTION = YES;
				GCC_WARN_UNUSED_VARIABLE = YES;
				IPHONEOS_DEPLOYMENT_TARGET = 13.2;
				MTL_ENABLE_DEBUG_INFO = NO;
				MTL_FAST_MATH = YES;
				SDKROOT = iphoneos;
				SWIFT_COMPILATION_MODE = wholemodule;
				SWIFT_OPTIMIZATION_LEVEL = "-O";
				VALIDATE_PRODUCT = YES;
			};
			name = Release;
		};
		F3DEBE2D23D4344B005227BF /* Debug */ = {
			isa = XCBuildConfiguration;
			baseConfigurationReference = 2B638F86ABDB14A7E9E8879C /* Pods-NPFoodStallReview.debug.xcconfig */;
			buildSettings = {
				ASSETCATALOG_COMPILER_APPICON_NAME = AppIcon;
				CODE_SIGN_STYLE = Automatic;
				DEVELOPMENT_TEAM = 98B95328KU;
				INFOPLIST_FILE = NPFoodStallReview/Info.plist;
				IPHONEOS_DEPLOYMENT_TARGET = 13.1;
				LD_RUNPATH_SEARCH_PATHS = (
					"$(inherited)",
					"@executable_path/Frameworks",
				);
				PRODUCT_BUNDLE_IDENTIFIER = com.mad2.NPFoodStallReview;
				PRODUCT_NAME = "$(TARGET_NAME)";
				SWIFT_VERSION = 5.0;
				TARGETED_DEVICE_FAMILY = "1,2";
			};
			name = Debug;
		};
		F3DEBE2E23D4344B005227BF /* Release */ = {
			isa = XCBuildConfiguration;
			baseConfigurationReference = 4413FC884CA687C4F1761171 /* Pods-NPFoodStallReview.release.xcconfig */;
			buildSettings = {
				ASSETCATALOG_COMPILER_APPICON_NAME = AppIcon;
				CODE_SIGN_STYLE = Automatic;
				DEVELOPMENT_TEAM = 98B95328KU;
				INFOPLIST_FILE = NPFoodStallReview/Info.plist;
				IPHONEOS_DEPLOYMENT_TARGET = 13.1;
				LD_RUNPATH_SEARCH_PATHS = (
					"$(inherited)",
					"@executable_path/Frameworks",
				);
				PRODUCT_BUNDLE_IDENTIFIER = com.mad2.NPFoodStallReview;
				PRODUCT_NAME = "$(TARGET_NAME)";
				SWIFT_VERSION = 5.0;
				TARGETED_DEVICE_FAMILY = "1,2";
			};
			name = Release;
		};
/* End XCBuildConfiguration section */

/* Begin XCConfigurationList section */
		F3DEBE1323D43449005227BF /* Build configuration list for PBXProject "NPFoodStallReview" */ = {
			isa = XCConfigurationList;
			buildConfigurations = (
				F3DEBE2A23D4344B005227BF /* Debug */,
				F3DEBE2B23D4344B005227BF /* Release */,
			);
			defaultConfigurationIsVisible = 0;
			defaultConfigurationName = Release;
		};
		F3DEBE2C23D4344B005227BF /* Build configuration list for PBXNativeTarget "NPFoodStallReview" */ = {
			isa = XCConfigurationList;
			buildConfigurations = (
				F3DEBE2D23D4344B005227BF /* Debug */,
				F3DEBE2E23D4344B005227BF /* Release */,
			);
			defaultConfigurationIsVisible = 0;
			defaultConfigurationName = Release;
		};
/* End XCConfigurationList section */
	};
	rootObject = F3DEBE1023D43449005227BF /* Project object */;
}
